<?xml version="1.0" encoding="utf-8"?>
<Project ToolsVersion="4.0" xmlns="http://schemas.microsoft.com/developer/msbuild/2003">
  <ItemGroup>
    <Filter Include="Source Files">
      <UniqueIdentifier>{4FC737F1-C7A5-4376-A066-2A32D752A2FF}</UniqueIdentifier>
      <Extensions>cpp;c;cc;cxx;def;odl;idl;hpj;bat;asm;asmx</Extensions>
    </Filter>
    <Filter Include="Header Files">
      <UniqueIdentifier>{93995380-89BD-4b04-88EB-625FBE52EBFB}</UniqueIdentifier>
      <Extensions>h;hpp;hxx;hm;inl;inc;xsd</Extensions>
    </Filter>
    <Filter Include="Resource Files">
      <UniqueIdentifier>{2dfbdc74-6c24-46b5-9396-35dc7b4a7aee}</UniqueIdentifier>
    </Filter>
  </ItemGroup>
  <ItemGroup>
    <ClCompile Include="autorun.c">
      <Filter>Source Files</Filter>
    </ClCompile>
    <ClCompile Include="dlg_code.c">
      <Filter>Source Files</Filter>
    </ClCompile>
    <ClCompile Include="dlg_drives_list.c">
      <Filter>Source Files</Filter>
    </ClCompile>
    <ClCompile Include="dlg_menu.c">
      <Filter>Source Files</Filter>
    </ClCompile>
    <ClCompile Include="drives_list.c">
      <Filter>Source Files</Filter>
    </ClCompile>
    <ClCompile Include="hotkeys.c">
      <Filter>Source Files</Filter>
    </ClCompile>
    <ClCompile Include="main.c">
      <Filter>Source Files</Filter>
    </ClCompile>
    <ClCompile Include="pass.c">
      <Filter>Source Files</Filter>
    </ClCompile>
    <ClCompile Include="prc_code.c">
      <Filter>Source Files</Filter>
    </ClCompile>
    <ClCompile Include="prc_common.c">
      <Filter>Source Files</Filter>
    </ClCompile>
    <ClCompile Include="prc_keyfiles.c">
      <Filter>Source Files</Filter>
    </ClCompile>
    <ClCompile Include="prc_main.c">
      <Filter>Source Files</Filter>
    </ClCompile>
    <ClCompile Include="prc_options.c">
      <Filter>Source Files</Filter>
    </ClCompile>
    <ClCompile Include="prc_pass.c">
      <Filter>Source Files</Filter>
    </ClCompile>
    <ClCompile Include="prc_wizard_boot.c">
      <Filter>Source Files</Filter>
    </ClCompile>
    <ClCompile Include="prc_wizard_encrypt.c">
      <Filter>Source Files</Filter>
    </ClCompile>
    <ClCompile Include="stat.c">
      <Filter>Source Files</Filter>
    </ClCompile>
    <ClCompile Include="subs.c">
      <Filter>Source Files</Filter>
    </ClCompile>
    <ClCompile Include="threads.c">
      <Filter>Source Files</Filter>
    </ClCompile>
    <ClCompile Include="ui_draw.c">
      <Filter>Source Files</Filter>
    </ClCompile>
    <ClCompile Include="ui_utils.c">
      <Filter>Source Files</Filter>
    </ClCompile>
  </ItemGroup>
  <ItemGroup>
    <ClInclude Include="..\include\gui\autorun.h">
      <Filter>Header Files</Filter>
    </ClInclude>
    <ClInclude Include="..\include\gui\dlg_code.h">
      <Filter>Header Files</Filter>
    </ClInclude>
    <ClInclude Include="..\include\gui\dlg_drives_list.h">
      <Filter>Header Files</Filter>
    </ClInclude>
    <ClInclude Include="..\include\gui\dlg_menu.h">
      <Filter>Header Files</Filter>
    </ClInclude>
    <ClInclude Include="..\include\gui\drives_list.h">
      <Filter>Header Files</Filter>
    </ClInclude>
    <ClInclude Include="..\include\gui\hotkeys.h">
      <Filter>Header Files</Filter>
    </ClInclude>
    <ClInclude Include="..\include\gui\main.h">
      <Filter>Header Files</Filter>
    </ClInclude>
    <ClInclude Include="..\include\gui\pass.h">
      <Filter>Header Files</Filter>
    </ClInclude>
    <ClInclude Include="..\include\gui\prc_code.h">
      <Filter>Header Files</Filter>
    </ClInclude>
    <ClInclude Include="..\include\gui\prc_common.h">
      <Filter>Header Files</Filter>
    </ClInclude>
    <ClInclude Include="..\include\gui\prc_keyfiles.h">
      <Filter>Header Files</Filter>
    </ClInclude>
    <ClInclude Include="..\include\gui\prc_main.h">
      <Filter>Header Files</Filter>
    </ClInclude>
    <ClInclude Include="..\include\gui\prc_options.h">
      <Filter>Header Files</Filter>
    </ClInclude>
    <ClInclude Include="..\include\gui\prc_pass.h">
      <Filter>Header Files</Filter>
    </ClInclude>
    <ClInclude Include="..\include\gui\prc_wizard_boot.h">
      <Filter>Header Files</Filter>
    </ClInclude>
    <ClInclude Include="..\include\gui\prc_wizard_encrypt.h">
      <Filter>Header Files</Filter>
    </ClInclude>
    <ClInclude Include="resource.h">
      <Filter>Header Files</Filter>
    </ClInclude>
    <ClInclude Include="..\include\gui\stat.h">
      <Filter>Header Files</Filter>
    </ClInclude>
    <ClInclude Include="..\include\gui\subs.h">
      <Filter>Header Files</Filter>
    </ClInclude>
    <ClInclude Include="..\include\gui\threads.h">
      <Filter>Header Files</Filter>
    </ClInclude>
    <ClInclude Include="..\include\gui\ui_draw.h">
      <Filter>Header Files</Filter>
    </ClInclude>
    <ClInclude Include="..\include\gui\ui_utils.h">
      <Filter>Header Files</Filter>
    </ClInclude>
  </ItemGroup>
  <ItemGroup>
    <ResourceCompile Include="main.rc">
      <Filter>Resource Files</Filter>
    </ResourceCompile>
    <ResourceCompile Include="version.rc">
      <Filter>Resource Files</Filter>
    </ResourceCompile>
  </ItemGroup>
  <ItemGroup>
    <None Include="cdrom.bmp" />
    <None Include="cdrom_mask.bmp" />
    <None Include="check.bmp" />
    <None Include="check.mask.bmp" />
    <None Include="check_mask.bmp" />
    <None Include="disk.bmp" />
    <None Include="disk_mask.bmp" />
    <None Include="icon.ico.ico" />
    <None Include="undisk.bmp" />
    <None Include="undisk_mask.bmp" />
  </ItemGroup>
</Project>